{
  "name": "nb_fairyfly",
  "lockfileVersion": 3,
  "requires": true,
  "packages": {
    "": {
      "dependencies": {
        "@percipience/iot-mobile-domain": "http://localhost:3000/api/gateway/bundles/iot_mobile_domain.nbpack"
      }
    },
    "node_modules/@percipience/iot-mobile-domain": {
      "version": "1.0.0",
      "resolved": "http://localhost:3000/api/gateway/bundles/iot_mobile_domain.nbpack",
      "integrity": "sha512-kjtutkOpeIWuYX9pPXX8y4VCjwfxFoKU9HMYKRO7WsHdPabvJhKyRfrPQds7KrNvDrrq+o8OF0r1zn61GvNY4A==",
      "hasInstallScript": true,
      "bin": {
        "percipience-bootstrap": "bin/bootstrap.js"
      }
    }
  }
}
